
Microsoft Visual Studio Solution File, Format Version 12.00
# Visual Studio 16
Project("{FAE04EC0-301F-11D3-BF4B-00C04F79EFBC}") = "Assembly-CSharp-firstpass", "Assembly-CSharp-firstpass.csproj", "{F52B7A8A-8FCA-1DEB-443E-E63D71F18113}"
EndProject
Project("{FAE04EC0-301F-11D3-BF4B-00C04F79EFBC}") = "Assembly-CSharp", "Assembly-CSharp.csproj", "{1E43A8A0-A8F7-53B4-E436-532336C2DE10}"
EndProject
Global
	GlobalSection(SolutionConfigurationPlatforms) = preSolution
		Debug|Any CPU = Debug|Any CPU
		Release|Any CPU = Release|Any CPU
	EndGlobalSection
	GlobalSection(ProjectConfigurationPlatforms) = postSolution
		{F52B7A8A-8FCA-1DEB-443E-E63D71F18113}.Debug|Any CPU.ActiveCfg = Debug|Any CPU
		{F52B7A8A-8FCA-1DEB-443E-E63D71F18113}.Debug|Any CPU.Build.0 = Debug|Any CPU
		{F52B7A8A-8FCA-1DEB-443E-E63D71F18113}.Release|Any CPU.ActiveCfg = Release|Any CPU
		{F52B7A8A-8FCA-1DEB-443E-E63D71F18113}.Release|Any CPU.Build.0 = Release|Any CPU
		{1E43A8A0-A8F7-53B4-E436-532336C2DE10}.Debug|Any CPU.ActiveCfg = Debug|Any CPU
		{1E43A8A0-A8F7-53B4-E436-532336C2DE10}.Debug|Any CPU.Build.0 = Debug|Any CPU
		{1E43A8A0-A8F7-53B4-E436-532336C2DE10}.Release|Any CPU.ActiveCfg = Release|Any CPU
		{1E43A8A0-A8F7-53B4-E436-532336C2DE10}.Release|Any CPU.Build.0 = Release|Any CPU
	EndGlobalSection
	GlobalSection(SolutionProperties) = preSolution
		HideSolutionNode = FALSE
	EndGlobalSection
EndGlobal
